
Microsoft Visual Studio Solution File, Format Version 12.00
# Visual Studio 15
VisualStudioVersion = 15.0.26730.16
MinimumVisualStudioVersion = 10.0.40219.1
Project("{FAE04EC0-301F-11D3-BF4B-00C04F79EFBC}") = "utServer_WindowsAuth", "utServer_WindowsAuth\utServer_WindowsAuth.csproj", "{E43131C6-AAA1-4F35-9AD4-463C81C9D16F}"
EndProject
Global
	GlobalSection(SolutionConfigurationPlatforms) = preSolution
		Debug|Any CPU = Debug|Any CPU
		Release|Any CPU = Release|Any CPU
	EndGlobalSection
	GlobalSection(ProjectConfigurationPlatforms) = postSolution
		{E43131C6-AAA1-4F35-9AD4-463C81C9D16F}.Debug|Any CPU.ActiveCfg = Debug|Any CPU
		{E43131C6-AAA1-4F35-9AD4-463C81C9D16F}.Debug|Any CPU.Build.0 = Debug|Any CPU
		{E43131C6-AAA1-4F35-9AD4-463C81C9D16F}.Release|Any CPU.ActiveCfg = Release|Any CPU
		{E43131C6-AAA1-4F35-9AD4-463C81C9D16F}.Release|Any CPU.Build.0 = Release|Any CPU
	EndGlobalSection
	GlobalSection(SolutionProperties) = preSolution
		HideSolutionNode = FALSE
	EndGlobalSection
	GlobalSection(ExtensibilityGlobals) = postSolution
		SolutionGuid = {7E037B35-1681-4F9E-823E-25A607C39A16}
	EndGlobalSection
EndGlobal
